
Microsoft Visual Studio Solution File, Format Version 12.00
Project("{FAE04EC0-301F-11D3-BF4B-00C04F79EFBC}") = "DrinkBase", "DrinkBase\DrinkBase.csproj", "{E287EE4E-A805-437D-9DA2-D24CC48CFC12}"
EndProject
Global
	GlobalSection(SolutionConfigurationPlatforms) = preSolution
		Debug|Any CPU = Debug|Any CPU
		Release|Any CPU = Release|Any CPU
	EndGlobalSection
	GlobalSection(ProjectConfigurationPlatforms) = postSolution
		{E287EE4E-A805-437D-9DA2-D24CC48CFC12}.Debug|Any CPU.ActiveCfg = Debug|Any CPU
		{E287EE4E-A805-437D-9DA2-D24CC48CFC12}.Debug|Any CPU.Build.0 = Debug|Any CPU
		{E287EE4E-A805-437D-9DA2-D24CC48CFC12}.Release|Any CPU.ActiveCfg = Release|Any CPU
		{E287EE4E-A805-437D-9DA2-D24CC48CFC12}.Release|Any CPU.Build.0 = Release|Any CPU
	EndGlobalSection
EndGlobal
